
Microsoft Visual Studio Solution File, Format Version 12.00
# Visual Studio Version 16
VisualStudioVersion = 16.0.30011.22
MinimumVisualStudioVersion = 10.0.40219.1
Project("{FAE04EC0-301F-11D3-BF4B-00C04F79EFBC}") = "SomeQuizLikeApp", "SomeQuizLikeApp.csproj", "{52256138-5435-4894-9ED1-E0C2F2F01F73}"
EndProject
Global
	GlobalSection(SolutionConfigurationPlatforms) = preSolution
		Debug|Any CPU = Debug|Any CPU
		Release|Any CPU = Release|Any CPU
	EndGlobalSection
	GlobalSection(ProjectConfigurationPlatforms) = postSolution
		{52256138-5435-4894-9ED1-E0C2F2F01F73}.Debug|Any CPU.ActiveCfg = Debug|Any CPU
		{52256138-5435-4894-9ED1-E0C2F2F01F73}.Debug|Any CPU.Build.0 = Debug|Any CPU
		{52256138-5435-4894-9ED1-E0C2F2F01F73}.Release|Any CPU.ActiveCfg = Release|Any CPU
		{52256138-5435-4894-9ED1-E0C2F2F01F73}.Release|Any CPU.Build.0 = Release|Any CPU
	EndGlobalSection
	GlobalSection(SolutionProperties) = preSolution
		HideSolutionNode = FALSE
	EndGlobalSection
	GlobalSection(ExtensibilityGlobals) = postSolution
		SolutionGuid = {62AD0E02-EDD7-45FA-90BB-59FE0E01374A}
	EndGlobalSection
EndGlobal
